
Microsoft Visual Studio Solution File, Format Version 12.00
# Visual Studio 14
VisualStudioVersion = 14.0.25420.1
MinimumVisualStudioVersion = 10.0.40219.1
Project("{FAE04EC0-301F-11D3-BF4B-00C04F79EFBC}") = "ConsoleApp", "ConundrumSolver\ConsoleApp.csproj", "{6AD1C479-B74E-4C07-8625-5BA2CC42DD40}"
EndProject
Project("{FAE04EC0-301F-11D3-BF4B-00C04F79EFBC}") = "ConundrumSolver", "ConundrumSolverApp\ConundrumSolver.csproj", "{011C0447-8B42-43ED-877B-234F92A70E4D}"
EndProject
Global
	GlobalSection(SolutionConfigurationPlatforms) = preSolution
		Debug|Any CPU = Debug|Any CPU
		Release|Any CPU = Release|Any CPU
	EndGlobalSection
	GlobalSection(ProjectConfigurationPlatforms) = postSolution
		{6AD1C479-B74E-4C07-8625-5BA2CC42DD40}.Debug|Any CPU.ActiveCfg = Debug|Any CPU
		{6AD1C479-B74E-4C07-8625-5BA2CC42DD40}.Debug|Any CPU.Build.0 = Debug|Any CPU
		{6AD1C479-B74E-4C07-8625-5BA2CC42DD40}.Release|Any CPU.ActiveCfg = Release|Any CPU
		{6AD1C479-B74E-4C07-8625-5BA2CC42DD40}.Release|Any CPU.Build.0 = Release|Any CPU
		{011C0447-8B42-43ED-877B-234F92A70E4D}.Debug|Any CPU.ActiveCfg = Debug|Any CPU
		{011C0447-8B42-43ED-877B-234F92A70E4D}.Debug|Any CPU.Build.0 = Debug|Any CPU
		{011C0447-8B42-43ED-877B-234F92A70E4D}.Release|Any CPU.ActiveCfg = Release|Any CPU
		{011C0447-8B42-43ED-877B-234F92A70E4D}.Release|Any CPU.Build.0 = Release|Any CPU
	EndGlobalSection
	GlobalSection(SolutionProperties) = preSolution
		HideSolutionNode = FALSE
	EndGlobalSection
EndGlobal
